
Microsoft Visual Studio Solution File, Format Version 12.00
# Visual Studio Version 16
VisualStudioVersion = 16.0.29209.62
MinimumVisualStudioVersion = 10.0.40219.1
Project("{8BC9CEB8-8B4A-11D0-8D11-00A0C91BC942}") = "uart_test", "uart_test.vcxproj", "{6D31A4F8-0D56-4E30-A96B-909A8C000835}"
EndProject
Global
	GlobalSection(SolutionConfigurationPlatforms) = preSolution
		Debug|VisualGDB = Debug|VisualGDB
		Release|VisualGDB = Release|VisualGDB
	EndGlobalSection
	GlobalSection(ProjectConfigurationPlatforms) = postSolution
		{6D31A4F8-0D56-4E30-A96B-909A8C000835}.Debug|VisualGDB.ActiveCfg = Debug|VisualGDB
		{6D31A4F8-0D56-4E30-A96B-909A8C000835}.Debug|VisualGDB.Build.0 = Debug|VisualGDB
		{6D31A4F8-0D56-4E30-A96B-909A8C000835}.Release|VisualGDB.ActiveCfg = Release|VisualGDB
		{6D31A4F8-0D56-4E30-A96B-909A8C000835}.Release|VisualGDB.Build.0 = Release|VisualGDB
	EndGlobalSection
	GlobalSection(SolutionProperties) = preSolution
		HideSolutionNode = FALSE
	EndGlobalSection
	GlobalSection(ExtensibilityGlobals) = postSolution
		SolutionGuid = {D01413F1-CB7F-4FFB-867A-DC98F9A6B46E}
	EndGlobalSection
EndGlobal
