<?xml version="1.0" encoding="utf-8"?>
<Project ToolsVersion="4.0" xmlns="http://schemas.microsoft.com/developer/msbuild/2003">
  <ItemGroup>
    <Filter Include="Source files">
      <UniqueIdentifier>{8faf566b-1807-413b-a545-16a4f6b97f3a}</UniqueIdentifier>
      <Extensions>cpp;c;cc;cxx;def;odl;idl;hpj;bat;asm;asmx</Extensions>
    </Filter>
    <Filter Include="Header files">
      <UniqueIdentifier>{a5dadb3e-318f-4c5c-955a-35cfbcd482ac}</UniqueIdentifier>
      <Extensions>h;hpp;hxx;hm;inl;inc;xsd</Extensions>
    </Filter>
    <Filter Include="Resource files">
      <UniqueIdentifier>{b2d936d8-f115-4922-8cd3-b4b249954e8a}</UniqueIdentifier>
      <Extensions>rc;ico;cur;bmp;dlg;rc2;rct;bin;rgs;gif;jpg;jpeg;jpe;resx;tiff;tif;png;wav</Extensions>
    </Filter>
    <Filter Include="VisualGDB settings">
      <UniqueIdentifier>{3e11f61e-337b-4b69-8321-10d951bb7836}</UniqueIdentifier>
    </Filter>
    <Filter Include="Header files\CMSIS">
      <UniqueIdentifier>{1735938d-5405-4b99-b1c3-2e860a41473a}</UniqueIdentifier>
    </Filter>
    <Filter Include="Header files\Periph library">
      <UniqueIdentifier>{c588a751-c1e0-413f-8b80-62e92bd90b64}</UniqueIdentifier>
    </Filter>
    <Filter Include="Source files\CMSIS">
      <UniqueIdentifier>{bf11a4d3-a47b-4cd1-a030-9a36d3acaffc}</UniqueIdentifier>
    </Filter>
    <Filter Include="Source files\Startup">
      <UniqueIdentifier>{aebfaa51-7d8c-4b61-aa1e-f5fc1882faba}</UniqueIdentifier>
    </Filter>
    <Filter Include="Source files\Periph library">
      <UniqueIdentifier>{f51bcee4-046c-42eb-8d81-93fe3d85a68b}</UniqueIdentifier>
    </Filter>
  </ItemGroup>
  <ItemGroup>
    <None Include="stm32.props">
      <Filter>Source files\Startup</Filter>
    </None>
    <ClCompile Include="$(BSP_ROOT)\STM32F4xxxx\StartupFiles\startup_stm32f407xx.c">
      <Filter>Source files\Startup</Filter>
    </ClCompile>
    <ClCompile Include="$(BSP_ROOT)\STM32F4xxxx\STM32F4xx_StdPeriph_Driver\src\misc.c">
      <Filter>Source files\CMSIS</Filter>
    </ClCompile>
    <ClInclude Include="$(BSP_ROOT)\STM32F4xxxx\STM32F4xx_StdPeriph_Driver\inc\misc.h">
      <Filter>Header files\CMSIS</Filter>
    </ClInclude>
    <ClInclude Include="$(BSP_ROOT)\STM32F4xxxx\CMSIS_StdPeriph\Device\ST\STM32F4xx\Include\stm32f4xx.h">
      <Filter>Header files\CMSIS</Filter>
    </ClInclude>
    <ClInclude Include="$(BSP_ROOT)\STM32F4xxxx\CMSIS_StdPeriph\Device\ST\STM32F4xx\Include\system_stm32f4xx.h">
      <Filter>Header files\CMSIS</Filter>
    </ClInclude>
    <ClInclude Include="$(BSP_ROOT)\STM32F4xxxx\CMSIS_StdPeriph\Include\core_cm4.h">
      <Filter>Header files\CMSIS</Filter>
    </ClInclude>
    <ClInclude Include="$(BSP_ROOT)\STM32F4xxxx\CMSIS_StdPeriph\Include\core_cmFunc.h">
      <Filter>Header files\CMSIS</Filter>
    </ClInclude>
    <ClInclude Include="$(BSP_ROOT)\STM32F4xxxx\CMSIS_StdPeriph\Include\core_cmInstr.h">
      <Filter>Header files\CMSIS</Filter>
    </ClInclude>
    <ClInclude Include="$(BSP_ROOT)\STM32F4xxxx\CMSIS_StdPeriph\Include\core_cmSimd.h">
      <Filter>Header files\CMSIS</Filter>
    </ClInclude>
    <None Include="spi_test-Debug.vgdbsettings">
      <Filter>VisualGDB settings</Filter>
    </None>
    <None Include="spi_test-Release.vgdbsettings">
      <Filter>VisualGDB settings</Filter>
    </None>
    <None Include="stm32.xml">
      <Filter>VisualGDB settings</Filter>
    </None>
    <ClCompile Include="system_stm32f4xx.c">
      <Filter>Source files\CMSIS</Filter>
    </ClCompile>
  </ItemGroup>
  <ItemGroup>
    <ClInclude Include="..\..\..\periph_library\inc\stm32f407_SPI.h">
      <Filter>Header files\Periph library</Filter>
    </ClInclude>
    <ClInclude Include="..\..\..\periph_library\inc\stm32f407_pin.h">
      <Filter>Header files\Periph library</Filter>
    </ClInclude>
    <ClInclude Include="..\..\..\periph_library\inc\stm32f407_sysFunc.h">
      <Filter>Header files\Periph library</Filter>
    </ClInclude>
    <ClInclude Include="..\..\..\periph_library\inc\stm32f407_UART.h">
      <Filter>Header files\Periph library</Filter>
    </ClInclude>
    <ClInclude Include="main.h">
      <Filter>Header files</Filter>
    </ClInclude>
  </ItemGroup>
  <ItemGroup>
    <ClCompile Include="main.cpp">
      <Filter>Source files</Filter>
    </ClCompile>
    <ClCompile Include="..\..\..\periph_library\src\stm32f407_pin.cpp">
      <Filter>Source files\Periph library</Filter>
    </ClCompile>
    <ClCompile Include="..\..\..\periph_library\src\stm32f407_sysFunc.cpp">
      <Filter>Source files\Periph library</Filter>
    </ClCompile>
    <ClCompile Include="..\..\..\periph_library\src\stm32f407_UART.cpp">
      <Filter>Source files\Periph library</Filter>
    </ClCompile>
    <ClCompile Include="..\..\..\periph_library\src\stm32f407_SPI.cpp">
      <Filter>Source files\Periph library</Filter>
    </ClCompile>
  </ItemGroup>
</Project>