<?xml version="1.0" encoding="utf-8"?>
<Project ToolsVersion="4.0" xmlns="http://schemas.microsoft.com/developer/msbuild/2003">
  <ItemGroup>
    <Filter Include="Source files">
      <UniqueIdentifier>{dc6f5541-6bd9-460f-80e0-56cd99d33c00}</UniqueIdentifier>
      <Extensions>cpp;c;cc;cxx;def;odl;idl;hpj;bat;asm;asmx</Extensions>
    </Filter>
    <Filter Include="Header files">
      <UniqueIdentifier>{63d31b76-5fcd-414b-8a08-9a61a19a1502}</UniqueIdentifier>
      <Extensions>h;hpp;hxx;hm;inl;inc;xsd</Extensions>
    </Filter>
    <Filter Include="Resource files">
      <UniqueIdentifier>{8597fe43-15e4-4abc-83ca-f023e96d8b5e}</UniqueIdentifier>
      <Extensions>rc;ico;cur;bmp;dlg;rc2;rct;bin;rgs;gif;jpg;jpeg;jpe;resx;tiff;tif;png;wav</Extensions>
    </Filter>
    <Filter Include="VisualGDB settings">
      <UniqueIdentifier>{7bf0a470-0c8a-4442-96f6-7bf6d28da6c9}</UniqueIdentifier>
    </Filter>
    <Filter Include="Header files\CMSIS">
      <UniqueIdentifier>{1aba6c29-3bfe-425f-8a36-f1c711059e6e}</UniqueIdentifier>
    </Filter>
    <Filter Include="Source files\CMSIS">
      <UniqueIdentifier>{acd96340-aaed-40a5-84d5-0b7f80aca9e9}</UniqueIdentifier>
    </Filter>
    <Filter Include="Source files\startup">
      <UniqueIdentifier>{d01fde61-9027-4d8d-bf72-37c51584c171}</UniqueIdentifier>
    </Filter>
    <Filter Include="Header files\periph library">
      <UniqueIdentifier>{03b84e60-daaf-47d8-9b47-abb1f11c92db}</UniqueIdentifier>
    </Filter>
    <Filter Include="Source files\periph library">
      <UniqueIdentifier>{d5fb9732-7415-41b3-9446-84fc2a3dca4f}</UniqueIdentifier>
    </Filter>
  </ItemGroup>
  <ItemGroup>
    <ClCompile Include="$(BSP_ROOT)\STM32F1xxxx\StartupFiles\startup_stm32f103xb.c">
      <Filter>Source files\startup</Filter>
    </ClCompile>
    <ClInclude Include="$(BSP_ROOT)\STM32F1xxxx\STM32F10x_StdPeriph_Driver\inc\misc.h">
      <Filter>Header files\CMSIS</Filter>
    </ClInclude>
    <ClInclude Include="$(BSP_ROOT)\STM32F1xxxx\CMSIS_StdPeriph\CM3\CoreSupport\core_cm3.h">
      <Filter>Header files\CMSIS</Filter>
    </ClInclude>
    <ClInclude Include="$(BSP_ROOT)\STM32F1xxxx\CMSIS_StdPeriph\CM3\DeviceSupport\ST\STM32F10x\stm32f10x.h">
      <Filter>Header files\CMSIS</Filter>
    </ClInclude>
    <ClInclude Include="$(BSP_ROOT)\STM32F1xxxx\CMSIS_StdPeriph\CM3\DeviceSupport\ST\STM32F10x\system_stm32f10x.h">
      <Filter>Header files\CMSIS</Filter>
    </ClInclude>
    <None Include="pin_test-Debug.vgdbsettings">
      <Filter>VisualGDB settings</Filter>
    </None>
    <None Include="pin_test-Release.vgdbsettings">
      <Filter>VisualGDB settings</Filter>
    </None>
    <None Include="stm32.xml">
      <Filter>VisualGDB settings</Filter>
    </None>
    <ClCompile Include="main.cpp">
      <Filter>Source files</Filter>
    </ClCompile>
    <ClCompile Include="..\..\..\periph library\src\stm32f103_pin.cpp">
      <Filter>Source files\periph library</Filter>
    </ClCompile>
    <ClCompile Include="..\..\..\periph library\src\stm32f103_sysFunc.cpp">
      <Filter>Source files\periph library</Filter>
    </ClCompile>
    <ClCompile Include="..\..\..\periph library\src\stm32f103_UART.cpp">
      <Filter>Source files\periph library</Filter>
    </ClCompile>
  </ItemGroup>
  <ItemGroup>
    <ClInclude Include="main.h">
      <Filter>Header files</Filter>
    </ClInclude>
    <ClInclude Include="..\..\..\periph library\inc\stm32f103_pin.h">
      <Filter>Header files\periph library</Filter>
    </ClInclude>
    <ClInclude Include="..\..\..\periph library\inc\stm32f103_sysFunc.h">
      <Filter>Header files\periph library</Filter>
    </ClInclude>
    <ClInclude Include="..\..\..\periph library\inc\stm32f103_UART.h">
      <Filter>Header files\periph library</Filter>
    </ClInclude>
  </ItemGroup>
  <ItemGroup>
    <ClCompile Include="system_stm32f10x.c">
      <Filter>Source files\CMSIS</Filter>
    </ClCompile>
    <ClCompile Include="$(BSP_ROOT)\STM32F1xxxx\CMSIS_StdPeriph\CM3\CoreSupport\core_cm3.c">
      <Filter>Source files\CMSIS</Filter>
    </ClCompile>
    <ClCompile Include="$(BSP_ROOT)\STM32F1xxxx\STM32F10x_StdPeriph_Driver\src\misc.c">
      <Filter>Source files\CMSIS</Filter>
    </ClCompile>
  </ItemGroup>
  <ItemGroup>
    <None Include="stm32.props">
      <Filter>Source files\startup</Filter>
    </None>
  </ItemGroup>
</Project>